{
  "name": "streams",
  "version": "0.0.1",
  "lockfileVersion": 1,
  "requires": true,
  "dependencies": {
    "csv-parse": {
      "version": "2.0.4",
      "resolved": "https://registry.npmjs.org/csv-parse/-/csv-parse-2.0.4.tgz",
      "integrity": "sha512-Kg6gTYPQQX4DcwSDFJ1DJupOjWFyzjPFxTqkPP7bVehzRENjTTUx4XuiFwVhUIFt9Z5sShaMm/ebWvcA7U0j7A=="
    },
    "line-by-line": {
      "version": "0.1.6",
      "resolved": "https://registry.npmjs.org/line-by-line/-/line-by-line-0.1.6.tgz",
      "integrity": "sha512-MmwVPfOyp0lWnEZ3fBA8Ah4pMFvxO6WgWovqZNu7Y4J0TNnGcsV4S1LzECHbdgqk1hoHc2mFP1Axc37YUqwafg=="
    },
    "n3": {
      "version": "0.11.2",
      "resolved": "https://registry.npmjs.org/n3/-/n3-0.11.2.tgz",
      "integrity": "sha512-ICSiOmFLbZ4gI35+4H3e2vYGHDC944WZkCa1iVNRAx/mRZESEevQNFhfHaui/lhqynoZYvBVDNjM/2Tfd3TICQ=="
    }
  }
}
